// !$*UTF8*$!
{
	archiveVersion = 1;
	classes = {
	};
	objectVersion = 46;
	objects = {

/* Begin PBXBuildFile section */
		55A3AB331871A3B6008CF162 /* business-icon.png in Resources */ = {isa = PBXBuildFile; fileRef = 55A3AB321871A3B6008CF162 /* business-icon.png */; };
		55A3AB351871A3C0008CF162 /* technology-icon.png in Resources */ = {isa = PBXBuildFile; fileRef = 55A3AB341871A3C0008CF162 /* technology-icon.png */; };
		55A3AB371871A3D4008CF162 /* politics-icon.png in Resources */ = {isa = PBXBuildFile; fileRef = 55A3AB361871A3D4008CF162 /* politics-icon.png */; };
		55A3AB3D1871A3EC008CF162 /* science-icon.png in Resources */ = {isa = PBXBuildFile; fileRef = 55A3AB3C1871A3EC008CF162 /* science-icon.png */; };
		55A3AB3F1871A597008CF162 /* health-icon.png in Resources */ = {isa = PBXBuildFile; fileRef = 55A3AB3E1871A597008CF162 /* health-icon.png */; };
		55A3AB411871A5D4008CF162 /* movie-icon.png in Resources */ = {isa = PBXBuildFile; fileRef = 55A3AB401871A5D3008CF162 /* movie-icon.png */; };
		55A3AB441871AC09008CF162 /* WebViewController.m in Sources */ = {isa = PBXBuildFile; fileRef = 55A3AB431871AC09008CF162 /* WebViewController.m */; };
		55A3AB4718720322008CF162 /* random-icon.png in Resources */ = {isa = PBXBuildFile; fileRef = 55A3AB4618720322008CF162 /* random-icon.png */; };
		55AE673418723CE500832709 /* TTTAttributedLabel.m in Sources */ = {isa = PBXBuildFile; fileRef = 55AE673318723CE500832709 /* TTTAttributedLabel.m */; };
		55AE673618723D4F00832709 /* CoreText.framework in Frameworks */ = {isa = PBXBuildFile; fileRef = 55AE673518723D4F00832709 /* CoreText.framework */; };
		55AE67811872BD9600832709 /* MKAnnotationView+WebCache.m in Sources */ = {isa = PBXBuildFile; fileRef = 55AE67651872BD9600832709 /* MKAnnotationView+WebCache.m */; };
		55AE67821872BD9600832709 /* NSData+GIF.m in Sources */ = {isa = PBXBuildFile; fileRef = 55AE67671872BD9600832709 /* NSData+GIF.m */; };
		55AE67831872BD9600832709 /* SDImageCache.m in Sources */ = {isa = PBXBuildFile; fileRef = 55AE67691872BD9600832709 /* SDImageCache.m */; };
		55AE67841872BD9600832709 /* SDWebImageCompat.m in Sources */ = {isa = PBXBuildFile; fileRef = 55AE676B1872BD9600832709 /* SDWebImageCompat.m */; };
		55AE67851872BD9600832709 /* SDWebImageDecoder.m in Sources */ = {isa = PBXBuildFile; fileRef = 55AE676D1872BD9600832709 /* SDWebImageDecoder.m */; };
		55AE67861872BD9600832709 /* SDWebImageDownloader.m in Sources */ = {isa = PBXBuildFile; fileRef = 55AE676F1872BD9600832709 /* SDWebImageDownloader.m */; };
		55AE67871872BD9600832709 /* SDWebImageDownloaderOperation.m in Sources */ = {isa = PBXBuildFile; fileRef = 55AE67711872BD9600832709 /* SDWebImageDownloaderOperation.m */; };
		55AE67881872BD9600832709 /* SDWebImageManager.m in Sources */ = {isa = PBXBuildFile; fileRef = 55AE67731872BD9600832709 /* SDWebImageManager.m */; };
		55AE67891872BD9600832709 /* SDWebImagePrefetcher.m in Sources */ = {isa = PBXBuildFile; fileRef = 55AE67761872BD9600832709 /* SDWebImagePrefetcher.m */; };
		55AE678A1872BD9600832709 /* UIButton+WebCache.m in Sources */ = {isa = PBXBuildFile; fileRef = 55AE67781872BD9600832709 /* UIButton+WebCache.m */; };
		55AE678B1872BD9600832709 /* UIImage+GIF.m in Sources */ = {isa = PBXBuildFile; fileRef = 55AE677A1872BD9600832709 /* UIImage+GIF.m */; };
		55AE678C1872BD9600832709 /* UIImage+MultiFormat.m in Sources */ = {isa = PBXBuildFile; fileRef = 55AE677C1872BD9600832709 /* UIImage+MultiFormat.m */; };
		55AE678D1872BD9600832709 /* UIImage+WebP.m in Sources */ = {isa = PBXBuildFile; fileRef = 55AE677E1872BD9600832709 /* UIImage+WebP.m */; };
		55AE678E1872BD9600832709 /* UIImageView+WebCache.m in Sources */ = {isa = PBXBuildFile; fileRef = 55AE67801872BD9600832709 /* UIImageView+WebCache.m */; };
		55B314CE187096D100B7A426 /* Foundation.framework in Frameworks */ = {isa = PBXBuildFile; fileRef = 55B314CD187096D100B7A426 /* Foundation.framework */; };
		55B314D0187096D100B7A426 /* CoreGraphics.framework in Frameworks */ = {isa = PBXBuildFile; fileRef = 55B314CF187096D100B7A426 /* CoreGraphics.framework */; };
		55B314D2187096D100B7A426 /* UIKit.framework in Frameworks */ = {isa = PBXBuildFile; fileRef = 55B314D1187096D100B7A426 /* UIKit.framework */; };
		55B314D8187096D100B7A426 /* InfoPlist.strings in Resources */ = {isa = PBXBuildFile; fileRef = 55B314D6187096D100B7A426 /* InfoPlist.strings */; };
		55B314DA187096D100B7A426 /* main.m in Sources */ = {isa = PBXBuildFile; fileRef = 55B314D9187096D100B7A426 /* main.m */; };
		55B314DE187096D100B7A426 /* AppDelegate.m in Sources */ = {isa = PBXBuildFile; fileRef = 55B314DD187096D100B7A426 /* AppDelegate.m */; };
		55B314E1187096D100B7A426 /* Main_iPhone.storyboard in Resources */ = {isa = PBXBuildFile; fileRef = 55B314DF187096D100B7A426 /* Main_iPhone.storyboard */; };
		55B314E4187096D100B7A426 /* Main_iPad.storyboard in Resources */ = {isa = PBXBuildFile; fileRef = 55B314E2187096D100B7A426 /* Main_iPad.storyboard */; };
		55B314E7187096D100B7A426 /* FirstOptionViewController.m in Sources */ = {isa = PBXBuildFile; fileRef = 55B314E6187096D100B7A426 /* FirstOptionViewController.m */; };
		55B314E9187096D100B7A426 /* Images.xcassets in Resources */ = {isa = PBXBuildFile; fileRef = 55B314E8187096D100B7A426 /* Images.xcassets */; };
		55B314F0187096D200B7A426 /* XCTest.framework in Frameworks */ = {isa = PBXBuildFile; fileRef = 55B314EF187096D200B7A426 /* XCTest.framework */; };
		55B314F1187096D200B7A426 /* Foundation.framework in Frameworks */ = {isa = PBXBuildFile; fileRef = 55B314CD187096D100B7A426 /* Foundation.framework */; };
		55B314F2187096D200B7A426 /* UIKit.framework in Frameworks */ = {isa = PBXBuildFile; fileRef = 55B314D1187096D100B7A426 /* UIKit.framework */; };
		55B314FA187096D200B7A426 /* InfoPlist.strings in Resources */ = {isa = PBXBuildFile; fileRef = 55B314F8187096D200B7A426 /* InfoPlist.strings */; };
		55B314FC187096D200B7A426 /* SababaAppTests.m in Sources */ = {isa = PBXBuildFile; fileRef = 55B314FB187096D200B7A426 /* SababaAppTests.m */; };
		55B3150E18717D8C00B7A426 /* SecondOptionViewController.m in Sources */ = {isa = PBXBuildFile; fileRef = 55B3150D18717D8C00B7A426 /* SecondOptionViewController.m */; };
		55B31511187182FC00B7A426 /* TopicViewController.m in Sources */ = {isa = PBXBuildFile; fileRef = 55B31510187182FC00B7A426 /* TopicViewController.m */; };
		55B31515187184BF00B7A426 /* TopicCell.m in Sources */ = {isa = PBXBuildFile; fileRef = 55B31514187184BF00B7A426 /* TopicCell.m */; };
		55B315181871919B00B7A426 /* QuartzCore.framework in Frameworks */ = {isa = PBXBuildFile; fileRef = 55B315171871919B00B7A426 /* QuartzCore.framework */; };
		55B3151F18719E1900B7A426 /* fontawesome-webfont.ttf in Resources */ = {isa = PBXBuildFile; fileRef = 55B3151E18719E1900B7A426 /* fontawesome-webfont.ttf */; };
		55B3152118719E9F00B7A426 /* sports-icon.png in Resources */ = {isa = PBXBuildFile; fileRef = 55B3152018719E9F00B7A426 /* sports-icon.png */; };
		55B315231871A05D00B7A426 /* art-icon.png in Resources */ = {isa = PBXBuildFile; fileRef = 55B315221871A05D00B7A426 /* art-icon.png */; };
/* End PBXBuildFile section */

/* Begin PBXContainerItemProxy section */
		55B314F3187096D200B7A426 /* PBXContainerItemProxy */ = {
			isa = PBXContainerItemProxy;
			containerPortal = 55B314C2187096D100B7A426 /* Project object */;
			proxyType = 1;
			remoteGlobalIDString = 55B314C9187096D100B7A426;
			remoteInfo = SababaApp;
		};
/* End PBXContainerItemProxy section */

/* Begin PBXFileReference section */
		55A3AB321871A3B6008CF162 /* business-icon.png */ = {isa = PBXFileReference; lastKnownFileType = image.png; path = "business-icon.png"; sourceTree = "<group>"; };
		55A3AB341871A3C0008CF162 /* technology-icon.png */ = {isa = PBXFileReference; lastKnownFileType = image.png; path = "technology-icon.png"; sourceTree = "<group>"; };
		55A3AB361871A3D4008CF162 /* politics-icon.png */ = {isa = PBXFileReference; lastKnownFileType = image.png; path = "politics-icon.png"; sourceTree = "<group>"; };
		55A3AB3C1871A3EC008CF162 /* science-icon.png */ = {isa = PBXFileReference; lastKnownFileType = image.png; path = "science-icon.png"; sourceTree = "<group>"; };
		55A3AB3E1871A597008CF162 /* health-icon.png */ = {isa = PBXFileReference; lastKnownFileType = image.png; path = "health-icon.png"; sourceTree = "<group>"; };
		55A3AB401871A5D3008CF162 /* movie-icon.png */ = {isa = PBXFileReference; lastKnownFileType = image.png; path = "movie-icon.png"; sourceTree = "<group>"; };
		55A3AB421871AC09008CF162 /* WebViewController.h */ = {isa = PBXFileReference; fileEncoding = 4; lastKnownFileType = sourcecode.c.h; path = WebViewController.h; sourceTree = "<group>"; };
		55A3AB431871AC09008CF162 /* WebViewController.m */ = {isa = PBXFileReference; fileEncoding = 4; lastKnownFileType = sourcecode.c.objc; path = WebViewController.m; sourceTree = "<group>"; };
		55A3AB4618720322008CF162 /* random-icon.png */ = {isa = PBXFileReference; lastKnownFileType = image.png; path = "random-icon.png"; sourceTree = "<group>"; };
		55AE673218723CE500832709 /* TTTAttributedLabel.h */ = {isa = PBXFileReference; fileEncoding = 4; lastKnownFileType = sourcecode.c.h; path = TTTAttributedLabel.h; sourceTree = "<group>"; };
		55AE673318723CE500832709 /* TTTAttributedLabel.m */ = {isa = PBXFileReference; fileEncoding = 4; lastKnownFileType = sourcecode.c.objc; path = TTTAttributedLabel.m; sourceTree = "<group>"; };
		55AE673518723D4F00832709 /* CoreText.framework */ = {isa = PBXFileReference; lastKnownFileType = wrapper.framework; name = CoreText.framework; path = System/Library/Frameworks/CoreText.framework; sourceTree = SDKROOT; };
		55AE67641872BD9600832709 /* MKAnnotationView+WebCache.h */ = {isa = PBXFileReference; fileEncoding = 4; lastKnownFileType = sourcecode.c.h; path = "MKAnnotationView+WebCache.h"; sourceTree = "<group>"; };
		55AE67651872BD9600832709 /* MKAnnotationView+WebCache.m */ = {isa = PBXFileReference; fileEncoding = 4; lastKnownFileType = sourcecode.c.objc; path = "MKAnnotationView+WebCache.m"; sourceTree = "<group>"; };
		55AE67661872BD9600832709 /* NSData+GIF.h */ = {isa = PBXFileReference; fileEncoding = 4; lastKnownFileType = sourcecode.c.h; path = "NSData+GIF.h"; sourceTree = "<group>"; };
		55AE67671872BD9600832709 /* NSData+GIF.m */ = {isa = PBXFileReference; fileEncoding = 4; lastKnownFileType = sourcecode.c.objc; path = "NSData+GIF.m"; sourceTree = "<group>"; };
		55AE67681872BD9600832709 /* SDImageCache.h */ = {isa = PBXFileReference; fileEncoding = 4; lastKnownFileType = sourcecode.c.h; path = SDImageCache.h; sourceTree = "<group>"; };
		55AE67691872BD9600832709 /* SDImageCache.m */ = {isa = PBXFileReference; fileEncoding = 4; lastKnownFileType = sourcecode.c.objc; path = SDImageCache.m; sourceTree = "<group>"; };
		55AE676A1872BD9600832709 /* SDWebImageCompat.h */ = {isa = PBXFileReference; fileEncoding = 4; lastKnownFileType = sourcecode.c.h; path = SDWebImageCompat.h; sourceTree = "<group>"; };
		55AE676B1872BD9600832709 /* SDWebImageCompat.m */ = {isa = PBXFileReference; fileEncoding = 4; lastKnownFileType = sourcecode.c.objc; path = SDWebImageCompat.m; sourceTree = "<group>"; };
		55AE676C1872BD9600832709 /* SDWebImageDecoder.h */ = {isa = PBXFileReference; fileEncoding = 4; lastKnownFileType = sourcecode.c.h; path = SDWebImageDecoder.h; sourceTree = "<group>"; };
		55AE676D1872BD9600832709 /* SDWebImageDecoder.m */ = {isa = PBXFileReference; fileEncoding = 4; lastKnownFileType = sourcecode.c.objc; path = SDWebImageDecoder.m; sourceTree = "<group>"; };
		55AE676E1872BD9600832709 /* SDWebImageDownloader.h */ = {isa = PBXFileReference; fileEncoding = 4; lastKnownFileType = sourcecode.c.h; path = SDWebImageDownloader.h; sourceTree = "<group>"; };
		55AE676F1872BD9600832709 /* SDWebImageDownloader.m */ = {isa = PBXFileReference; fileEncoding = 4; lastKnownFileType = sourcecode.c.objc; path = SDWebImageDownloader.m; sourceTree = "<group>"; };
		55AE67701872BD9600832709 /* SDWebImageDownloaderOperation.h */ = {isa = PBXFileReference; fileEncoding = 4; lastKnownFileType = sourcecode.c.h; path = SDWebImageDownloaderOperation.h; sourceTree = "<group>"; };
		55AE67711872BD9600832709 /* SDWebImageDownloaderOperation.m */ = {isa = PBXFileReference; fileEncoding = 4; lastKnownFileType = sourcecode.c.objc; path = SDWebImageDownloaderOperation.m; sourceTree = "<group>"; };
		55AE67721872BD9600832709 /* SDWebImageManager.h */ = {isa = PBXFileReference; fileEncoding = 4; lastKnownFileType = sourcecode.c.h; path = SDWebImageManager.h; sourceTree = "<group>"; };
		55AE67731872BD9600832709 /* SDWebImageManager.m */ = {isa = PBXFileReference; fileEncoding = 4; lastKnownFileType = sourcecode.c.objc; path = SDWebImageManager.m; sourceTree = "<group>"; };
		55AE67741872BD9600832709 /* SDWebImageOperation.h */ = {isa = PBXFileReference; fileEncoding = 4; lastKnownFileType = sourcecode.c.h; path = SDWebImageOperation.h; sourceTree = "<group>"; };
		55AE67751872BD9600832709 /* SDWebImagePrefetcher.h */ = {isa = PBXFileReference; fileEncoding = 4; lastKnownFileType = sourcecode.c.h; path = SDWebImagePrefetcher.h; sourceTree = "<group>"; };
		55AE67761872BD9600832709 /* SDWebImagePrefetcher.m */ = {isa = PBXFileReference; fileEncoding = 4; lastKnownFileType = sourcecode.c.objc; path = SDWebImagePrefetcher.m; sourceTree = "<group>"; };
		55AE67771872BD9600832709 /* UIButton+WebCache.h */ = {isa = PBXFileReference; fileEncoding = 4; lastKnownFileType = sourcecode.c.h; path = "UIButton+WebCache.h"; sourceTree = "<group>"; };
		55AE67781872BD9600832709 /* UIButton+WebCache.m */ = {isa = PBXFileReference; fileEncoding = 4; lastKnownFileType = sourcecode.c.objc; path = "UIButton+WebCache.m"; sourceTree = "<group>"; };
		55AE67791872BD9600832709 /* UIImage+GIF.h */ = {isa = PBXFileReference; fileEncoding = 4; lastKnownFileType = sourcecode.c.h; path = "UIImage+GIF.h"; sourceTree = "<group>"; };
		55AE677A1872BD9600832709 /* UIImage+GIF.m */ = {isa = PBXFileReference; fileEncoding = 4; lastKnownFileType = sourcecode.c.objc; path = "UIImage+GIF.m"; sourceTree = "<group>"; };
		55AE677B1872BD9600832709 /* UIImage+MultiFormat.h */ = {isa = PBXFileReference; fileEncoding = 4; lastKnownFileType = sourcecode.c.h; path = "UIImage+MultiFormat.h"; sourceTree = "<group>"; };
		55AE677C1872BD9600832709 /* UIImage+MultiFormat.m */ = {isa = PBXFileReference; fileEncoding = 4; lastKnownFileType = sourcecode.c.objc; path = "UIImage+MultiFormat.m"; sourceTree = "<group>"; };
		55AE677D1872BD9600832709 /* UIImage+WebP.h */ = {isa = PBXFileReference; fileEncoding = 4; lastKnownFileType = sourcecode.c.h; path = "UIImage+WebP.h"; sourceTree = "<group>"; };
		55AE677E1872BD9600832709 /* UIImage+WebP.m */ = {isa = PBXFileReference; fileEncoding = 4; lastKnownFileType = sourcecode.c.objc; path = "UIImage+WebP.m"; sourceTree = "<group>"; };
		55AE677F1872BD9600832709 /* UIImageView+WebCache.h */ = {isa = PBXFileReference; fileEncoding = 4; lastKnownFileType = sourcecode.c.h; path = "UIImageView+WebCache.h"; sourceTree = "<group>"; };
		55AE67801872BD9600832709 /* UIImageView+WebCache.m */ = {isa = PBXFileReference; fileEncoding = 4; lastKnownFileType = sourcecode.c.objc; path = "UIImageView+WebCache.m"; sourceTree = "<group>"; };
		55B314CA187096D100B7A426 /* SababaApp.app */ = {isa = PBXFileReference; explicitFileType = wrapper.application; includeInIndex = 0; path = SababaApp.app; sourceTree = BUILT_PRODUCTS_DIR; };
		55B314CD187096D100B7A426 /* Foundation.framework */ = {isa = PBXFileReference; lastKnownFileType = wrapper.framework; name = Foundation.framework; path = System/Library/Frameworks/Foundation.framework; sourceTree = SDKROOT; };
		55B314CF187096D100B7A426 /* CoreGraphics.framework */ = {isa = PBXFileReference; lastKnownFileType = wrapper.framework; name = CoreGraphics.framework; path = System/Library/Frameworks/CoreGraphics.framework; sourceTree = SDKROOT; };
		55B314D1187096D100B7A426 /* UIKit.framework */ = {isa = PBXFileReference; lastKnownFileType = wrapper.framework; name = UIKit.framework; path = System/Library/Frameworks/UIKit.framework; sourceTree = SDKROOT; };
		55B314D5187096D100B7A426 /* SababaApp-Info.plist */ = {isa = PBXFileReference; lastKnownFileType = text.plist.xml; path = "SababaApp-Info.plist"; sourceTree = "<group>"; };
		55B314D7187096D100B7A426 /* en */ = {isa = PBXFileReference; lastKnownFileType = text.plist.strings; name = en; path = en.lproj/InfoPlist.strings; sourceTree = "<group>"; };
		55B314D9187096D100B7A426 /* main.m */ = {isa = PBXFileReference; lastKnownFileType = sourcecode.c.objc; path = main.m; sourceTree = "<group>"; };
		55B314DB187096D100B7A426 /* SababaApp-Prefix.pch */ = {isa = PBXFileReference; lastKnownFileType = sourcecode.c.h; path = "SababaApp-Prefix.pch"; sourceTree = "<group>"; };
		55B314DC187096D100B7A426 /* AppDelegate.h */ = {isa = PBXFileReference; lastKnownFileType = sourcecode.c.h; path = AppDelegate.h; sourceTree = "<group>"; };
		55B314DD187096D100B7A426 /* AppDelegate.m */ = {isa = PBXFileReference; lastKnownFileType = sourcecode.c.objc; path = AppDelegate.m; sourceTree = "<group>"; };
		55B314E0187096D100B7A426 /* Base */ = {isa = PBXFileReference; lastKnownFileType = file.storyboard; name = Base; path = Base.lproj/Main_iPhone.storyboard; sourceTree = "<group>"; };
		55B314E3187096D100B7A426 /* Base */ = {isa = PBXFileReference; lastKnownFileType = file.storyboard; name = Base; path = Base.lproj/Main_iPad.storyboard; sourceTree = "<group>"; };
		55B314E5187096D100B7A426 /* FirstOptionViewController.h */ = {isa = PBXFileReference; lastKnownFileType = sourcecode.c.h; path = FirstOptionViewController.h; sourceTree = "<group>"; };
		55B314E6187096D100B7A426 /* FirstOptionViewController.m */ = {isa = PBXFileReference; lastKnownFileType = sourcecode.c.objc; path = FirstOptionViewController.m; sourceTree = "<group>"; };
		55B314E8187096D100B7A426 /* Images.xcassets */ = {isa = PBXFileReference; lastKnownFileType = folder.assetcatalog; path = Images.xcassets; sourceTree = "<group>"; };
		55B314EE187096D200B7A426 /* SababaAppTests.xctest */ = {isa = PBXFileReference; explicitFileType = wrapper.cfbundle; includeInIndex = 0; path = SababaAppTests.xctest; sourceTree = BUILT_PRODUCTS_DIR; };
		55B314EF187096D200B7A426 /* XCTest.framework */ = {isa = PBXFileReference; lastKnownFileType = wrapper.framework; name = XCTest.framework; path = Library/Frameworks/XCTest.framework; sourceTree = DEVELOPER_DIR; };
		55B314F7187096D200B7A426 /* SababaAppTests-Info.plist */ = {isa = PBXFileReference; lastKnownFileType = text.plist.xml; path = "SababaAppTests-Info.plist"; sourceTree = "<group>"; };
		55B314F9187096D200B7A426 /* en */ = {isa = PBXFileReference; lastKnownFileType = text.plist.strings; name = en; path = en.lproj/InfoPlist.strings; sourceTree = "<group>"; };
		55B314FB187096D200B7A426 /* SababaAppTests.m */ = {isa = PBXFileReference; lastKnownFileType = sourcecode.c.objc; path = SababaAppTests.m; sourceTree = "<group>"; };
		55B3150C18717D8C00B7A426 /* SecondOptionViewController.h */ = {isa = PBXFileReference; fileEncoding = 4; lastKnownFileType = sourcecode.c.h; path = SecondOptionViewController.h; sourceTree = "<group>"; };
		55B3150D18717D8C00B7A426 /* SecondOptionViewController.m */ = {isa = PBXFileReference; fileEncoding = 4; lastKnownFileType = sourcecode.c.objc; path = SecondOptionViewController.m; sourceTree = "<group>"; };
		55B3150F187182FC00B7A426 /* TopicViewController.h */ = {isa = PBXFileReference; fileEncoding = 4; lastKnownFileType = sourcecode.c.h; path = TopicViewController.h; sourceTree = "<group>"; };
		55B31510187182FC00B7A426 /* TopicViewController.m */ = {isa = PBXFileReference; fileEncoding = 4; lastKnownFileType = sourcecode.c.objc; path = TopicViewController.m; sourceTree = "<group>"; };
		55B31513187184BF00B7A426 /* TopicCell.h */ = {isa = PBXFileReference; fileEncoding = 4; lastKnownFileType = sourcecode.c.h; path = TopicCell.h; sourceTree = "<group>"; };
		55B31514187184BF00B7A426 /* TopicCell.m */ = {isa = PBXFileReference; fileEncoding = 4; lastKnownFileType = sourcecode.c.objc; path = TopicCell.m; sourceTree = "<group>"; };
		55B315171871919B00B7A426 /* QuartzCore.framework */ = {isa = PBXFileReference; lastKnownFileType = wrapper.framework; name = QuartzCore.framework; path = System/Library/Frameworks/QuartzCore.framework; sourceTree = SDKROOT; };
		55B3151E18719E1900B7A426 /* fontawesome-webfont.ttf */ = {isa = PBXFileReference; lastKnownFileType = file; path = "fontawesome-webfont.ttf"; sourceTree = "<group>"; };
		55B3152018719E9F00B7A426 /* sports-icon.png */ = {isa = PBXFileReference; lastKnownFileType = image.png; path = "sports-icon.png"; sourceTree = "<group>"; };
		55B315221871A05D00B7A426 /* art-icon.png */ = {isa = PBXFileReference; lastKnownFileType = image.png; path = "art-icon.png"; sourceTree = "<group>"; };
/* End PBXFileReference section */

/* Begin PBXFrameworksBuildPhase section */
		55B314C7187096D100B7A426 /* Frameworks */ = {
			isa = PBXFrameworksBuildPhase;
			buildActionMask = 2147483647;
			files = (
				55AE673618723D4F00832709 /* CoreText.framework in Frameworks */,
				55B315181871919B00B7A426 /* QuartzCore.framework in Frameworks */,
				55B314D0187096D100B7A426 /* CoreGraphics.framework in Frameworks */,
				55B314D2187096D100B7A426 /* UIKit.framework in Frameworks */,
				55B314CE187096D100B7A426 /* Foundation.framework in Frameworks */,
			);
			runOnlyForDeploymentPostprocessing = 0;
		};
		55B314EB187096D200B7A426 /* Frameworks */ = {
			isa = PBXFrameworksBuildPhase;
			buildActionMask = 2147483647;
			files = (
				55B314F0187096D200B7A426 /* XCTest.framework in Frameworks */,
				55B314F2187096D200B7A426 /* UIKit.framework in Frameworks */,
				55B314F1187096D200B7A426 /* Foundation.framework in Frameworks */,
			);
			runOnlyForDeploymentPostprocessing = 0;
		};
/* End PBXFrameworksBuildPhase section */

/* Begin PBXGroup section */
		55A3AB451871B06B008CF162 /* WebView */ = {
			isa = PBXGroup;
			children = (
				55A3AB421871AC09008CF162 /* WebViewController.h */,
				55A3AB431871AC09008CF162 /* WebViewController.m */,
			);
			name = WebView;
			sourceTree = "<group>";
		};
		55AE678F1872BD9C00832709 /* LazyLoad */ = {
			isa = PBXGroup;
			children = (
				55AE67641872BD9600832709 /* MKAnnotationView+WebCache.h */,
				55AE67651872BD9600832709 /* MKAnnotationView+WebCache.m */,
				55AE67661872BD9600832709 /* NSData+GIF.h */,
				55AE67671872BD9600832709 /* NSData+GIF.m */,
				55AE67681872BD9600832709 /* SDImageCache.h */,
				55AE67691872BD9600832709 /* SDImageCache.m */,
				55AE676A1872BD9600832709 /* SDWebImageCompat.h */,
				55AE676B1872BD9600832709 /* SDWebImageCompat.m */,
				55AE676C1872BD9600832709 /* SDWebImageDecoder.h */,
				55AE676D1872BD9600832709 /* SDWebImageDecoder.m */,
				55AE676E1872BD9600832709 /* SDWebImageDownloader.h */,
				55AE676F1872BD9600832709 /* SDWebImageDownloader.m */,
				55AE67701872BD9600832709 /* SDWebImageDownloaderOperation.h */,
				55AE67711872BD9600832709 /* SDWebImageDownloaderOperation.m */,
				55AE67721872BD9600832709 /* SDWebImageManager.h */,
				55AE67731872BD9600832709 /* SDWebImageManager.m */,
				55AE67741872BD9600832709 /* SDWebImageOperation.h */,
				55AE67751872BD9600832709 /* SDWebImagePrefetcher.h */,
				55AE67761872BD9600832709 /* SDWebImagePrefetcher.m */,
				55AE67771872BD9600832709 /* UIButton+WebCache.h */,
				55AE67781872BD9600832709 /* UIButton+WebCache.m */,
				55AE67791872BD9600832709 /* UIImage+GIF.h */,
				55AE677A1872BD9600832709 /* UIImage+GIF.m */,
				55AE677B1872BD9600832709 /* UIImage+MultiFormat.h */,
				55AE677C1872BD9600832709 /* UIImage+MultiFormat.m */,
				55AE677D1872BD9600832709 /* UIImage+WebP.h */,
				55AE677E1872BD9600832709 /* UIImage+WebP.m */,
				55AE677F1872BD9600832709 /* UIImageView+WebCache.h */,
				55AE67801872BD9600832709 /* UIImageView+WebCache.m */,
			);
			name = LazyLoad;
			sourceTree = "<group>";
		};
		55B314C1187096D100B7A426 = {
			isa = PBXGroup;
			children = (
				55B314D3187096D100B7A426 /* SababaApp */,
				55B314F5187096D200B7A426 /* SababaAppTests */,
				55B314CC187096D100B7A426 /* Frameworks */,
				55B314CB187096D100B7A426 /* Products */,
			);
			sourceTree = "<group>";
		};
		55B314CB187096D100B7A426 /* Products */ = {
			isa = PBXGroup;
			children = (
				55B314CA187096D100B7A426 /* SababaApp.app */,
				55B314EE187096D200B7A426 /* SababaAppTests.xctest */,
			);
			name = Products;
			sourceTree = "<group>";
		};
		55B314CC187096D100B7A426 /* Frameworks */ = {
			isa = PBXGroup;
			children = (
				55AE673518723D4F00832709 /* CoreText.framework */,
				55B315171871919B00B7A426 /* QuartzCore.framework */,
				55B314CD187096D100B7A426 /* Foundation.framework */,
				55B314CF187096D100B7A426 /* CoreGraphics.framework */,
				55B314D1187096D100B7A426 /* UIKit.framework */,
				55B314EF187096D200B7A426 /* XCTest.framework */,
			);
			name = Frameworks;
			sourceTree = "<group>";
		};
		55B314D3187096D100B7A426 /* SababaApp */ = {
			isa = PBXGroup;
			children = (
				55B314DC187096D100B7A426 /* AppDelegate.h */,
				55B314DD187096D100B7A426 /* AppDelegate.m */,
				55B314DF187096D100B7A426 /* Main_iPhone.storyboard */,
				55B314E2187096D100B7A426 /* Main_iPad.storyboard */,
				55AE673218723CE500832709 /* TTTAttributedLabel.h */,
				55AE673318723CE500832709 /* TTTAttributedLabel.m */,
				55AE678F1872BD9C00832709 /* LazyLoad */,
				55A3AB451871B06B008CF162 /* WebView */,
				55B315121871830C00B7A426 /* Startup */,
				55B31516187184C900B7A426 /* Topics */,
				55B314E8187096D100B7A426 /* Images.xcassets */,
				55B314D4187096D100B7A426 /* Supporting Files */,
			);
			path = SababaApp;
			sourceTree = "<group>";
		};
		55B314D4187096D100B7A426 /* Supporting Files */ = {
			isa = PBXGroup;
			children = (
				55B3151E18719E1900B7A426 /* fontawesome-webfont.ttf */,
				55B3151B18719C4100B7A426 /* Icons */,
				55B314D5187096D100B7A426 /* SababaApp-Info.plist */,
				55B314D6187096D100B7A426 /* InfoPlist.strings */,
				55B314D9187096D100B7A426 /* main.m */,
				55B314DB187096D100B7A426 /* SababaApp-Prefix.pch */,
			);
			name = "Supporting Files";
			sourceTree = "<group>";
		};
		55B314F5187096D200B7A426 /* SababaAppTests */ = {
			isa = PBXGroup;
			children = (
				55B314FB187096D200B7A426 /* SababaAppTests.m */,
				55B314F6187096D200B7A426 /* Supporting Files */,
			);
			path = SababaAppTests;
			sourceTree = "<group>";
		};
		55B314F6187096D200B7A426 /* Supporting Files */ = {
			isa = PBXGroup;
			children = (
				55B314F7187096D200B7A426 /* SababaAppTests-Info.plist */,
				55B314F8187096D200B7A426 /* InfoPlist.strings */,
			);
			name = "Supporting Files";
			sourceTree = "<group>";
		};
		55B315121871830C00B7A426 /* Startup */ = {
			isa = PBXGroup;
			children = (
				55B314E5187096D100B7A426 /* FirstOptionViewController.h */,
				55B314E6187096D100B7A426 /* FirstOptionViewController.m */,
				55B3150C18717D8C00B7A426 /* SecondOptionViewController.h */,
				55B3150D18717D8C00B7A426 /* SecondOptionViewController.m */,
			);
			name = Startup;
			sourceTree = "<group>";
		};
		55B31516187184C900B7A426 /* Topics */ = {
			isa = PBXGroup;
			children = (
				55B3150F187182FC00B7A426 /* TopicViewController.h */,
				55B31510187182FC00B7A426 /* TopicViewController.m */,
				55B31513187184BF00B7A426 /* TopicCell.h */,
				55B31514187184BF00B7A426 /* TopicCell.m */,
			);
			name = Topics;
			sourceTree = "<group>";
		};
		55B3151B18719C4100B7A426 /* Icons */ = {
			isa = PBXGroup;
			children = (
				55A3AB4618720322008CF162 /* random-icon.png */,
				55B315221871A05D00B7A426 /* art-icon.png */,
				55A3AB341871A3C0008CF162 /* technology-icon.png */,
				55A3AB361871A3D4008CF162 /* politics-icon.png */,
				55A3AB401871A5D3008CF162 /* movie-icon.png */,
				55A3AB3E1871A597008CF162 /* health-icon.png */,
				55A3AB3C1871A3EC008CF162 /* science-icon.png */,
				55A3AB321871A3B6008CF162 /* business-icon.png */,
				55B3152018719E9F00B7A426 /* sports-icon.png */,
			);
			name = Icons;
			sourceTree = "<group>";
		};
/* End PBXGroup section */

/* Begin PBXNativeTarget section */
		55B314C9187096D100B7A426 /* SababaApp */ = {
			isa = PBXNativeTarget;
			buildConfigurationList = 55B314FF187096D200B7A426 /* Build configuration list for PBXNativeTarget "SababaApp" */;
			buildPhases = (
				55B314C6187096D100B7A426 /* Sources */,
				55B314C7187096D100B7A426 /* Frameworks */,
				55B314C8187096D100B7A426 /* Resources */,
			);
			buildRules = (
			);
			dependencies = (
			);
			name = SababaApp;
			productName = SababaApp;
			productReference = 55B314CA187096D100B7A426 /* SababaApp.app */;
			productType = "com.apple.product-type.application";
		};
		55B314ED187096D200B7A426 /* SababaAppTests */ = {
			isa = PBXNativeTarget;
			buildConfigurationList = 55B31502187096D200B7A426 /* Build configuration list for PBXNativeTarget "SababaAppTests" */;
			buildPhases = (
				55B314EA187096D200B7A426 /* Sources */,
				55B314EB187096D200B7A426 /* Frameworks */,
				55B314EC187096D200B7A426 /* Resources */,
			);
			buildRules = (
			);
			dependencies = (
				55B314F4187096D200B7A426 /* PBXTargetDependency */,
			);
			name = SababaAppTests;
			productName = SababaAppTests;
			productReference = 55B314EE187096D200B7A426 /* SababaAppTests.xctest */;
			productType = "com.apple.product-type.bundle.unit-test";
		};
/* End PBXNativeTarget section */

/* Begin PBXProject section */
		55B314C2187096D100B7A426 /* Project object */ = {
			isa = PBXProject;
			attributes = {
				LastUpgradeCheck = 0500;
				ORGANIZATIONNAME = "Matthew Arbesfeld";
				TargetAttributes = {
					55B314ED187096D200B7A426 = {
						TestTargetID = 55B314C9187096D100B7A426;
					};
				};
			};
			buildConfigurationList = 55B314C5187096D100B7A426 /* Build configuration list for PBXProject "SababaApp" */;
			compatibilityVersion = "Xcode 3.2";
			developmentRegion = English;
			hasScannedForEncodings = 0;
			knownRegions = (
				en,
				Base,
			);
			mainGroup = 55B314C1187096D100B7A426;
			productRefGroup = 55B314CB187096D100B7A426 /* Products */;
			projectDirPath = "";
			projectRoot = "";
			targets = (
				55B314C9187096D100B7A426 /* SababaApp */,
				55B314ED187096D200B7A426 /* SababaAppTests */,
			);
		};
/* End PBXProject section */

/* Begin PBXResourcesBuildPhase section */
		55B314C8187096D100B7A426 /* Resources */ = {
			isa = PBXResourcesBuildPhase;
			buildActionMask = 2147483647;
			files = (
				55B314E4187096D100B7A426 /* Main_iPad.storyboard in Resources */,
				55A3AB3F1871A597008CF162 /* health-icon.png in Resources */,
				55A3AB3D1871A3EC008CF162 /* science-icon.png in Resources */,
				55B3152118719E9F00B7A426 /* sports-icon.png in Resources */,
				55B315231871A05D00B7A426 /* art-icon.png in Resources */,
				55B314E9187096D100B7A426 /* Images.xcassets in Resources */,
				55B3151F18719E1900B7A426 /* fontawesome-webfont.ttf in Resources */,
				55A3AB371871A3D4008CF162 /* politics-icon.png in Resources */,
				55A3AB351871A3C0008CF162 /* technology-icon.png in Resources */,
				55A3AB4718720322008CF162 /* random-icon.png in Resources */,
				55B314E1187096D100B7A426 /* Main_iPhone.storyboard in Resources */,
				55A3AB331871A3B6008CF162 /* business-icon.png in Resources */,
				55B314D8187096D100B7A426 /* InfoPlist.strings in Resources */,
				55A3AB411871A5D4008CF162 /* movie-icon.png in Resources */,
			);
			runOnlyForDeploymentPostprocessing = 0;
		};
		55B314EC187096D200B7A426 /* Resources */ = {
			isa = PBXResourcesBuildPhase;
			buildActionMask = 2147483647;
			files = (
				55B314FA187096D200B7A426 /* InfoPlist.strings in Resources */,
			);
			runOnlyForDeploymentPostprocessing = 0;
		};
/* End PBXResourcesBuildPhase section */

/* Begin PBXSourcesBuildPhase section */
		55B314C6187096D100B7A426 /* Sources */ = {
			isa = PBXSourcesBuildPhase;
			buildActionMask = 2147483647;
			files = (
				55AE678E1872BD9600832709 /* UIImageView+WebCache.m in Sources */,
				55AE67851872BD9600832709 /* SDWebImageDecoder.m in Sources */,
				55AE67881872BD9600832709 /* SDWebImageManager.m in Sources */,
				55B314E7187096D100B7A426 /* FirstOptionViewController.m in Sources */,
				55AE67841872BD9600832709 /* SDWebImageCompat.m in Sources */,
				55AE678D1872BD9600832709 /* UIImage+WebP.m in Sources */,
				55A3AB441871AC09008CF162 /* WebViewController.m in Sources */,
				55B31515187184BF00B7A426 /* TopicCell.m in Sources */,
				55AE673418723CE500832709 /* TTTAttributedLabel.m in Sources */,
				55AE678A1872BD9600832709 /* UIButton+WebCache.m in Sources */,
				55AE67891872BD9600832709 /* SDWebImagePrefetcher.m in Sources */,
				55AE67871872BD9600832709 /* SDWebImageDownloaderOperation.m in Sources */,
				55B314DE187096D100B7A426 /* AppDelegate.m in Sources */,
				55AE67821872BD9600832709 /* NSData+GIF.m in Sources */,
				55AE678C1872BD9600832709 /* UIImage+MultiFormat.m in Sources */,
				55B314DA187096D100B7A426 /* main.m in Sources */,
				55AE67831872BD9600832709 /* SDImageCache.m in Sources */,
				55B31511187182FC00B7A426 /* TopicViewController.m in Sources */,
				55B3150E18717D8C00B7A426 /* SecondOptionViewController.m in Sources */,
				55AE678B1872BD9600832709 /* UIImage+GIF.m in Sources */,
				55AE67861872BD9600832709 /* SDWebImageDownloader.m in Sources */,
				55AE67811872BD9600832709 /* MKAnnotationView+WebCache.m in Sources */,
			);
			runOnlyForDeploymentPostprocessing = 0;
		};
		55B314EA187096D200B7A426 /* Sources */ = {
			isa = PBXSourcesBuildPhase;
			buildActionMask = 2147483647;
			files = (
				55B314FC187096D200B7A426 /* SababaAppTests.m in Sources */,
			);
			runOnlyForDeploymentPostprocessing = 0;
		};
/* End PBXSourcesBuildPhase section */

/* Begin PBXTargetDependency section */
		55B314F4187096D200B7A426 /* PBXTargetDependency */ = {
			isa = PBXTargetDependency;
			target = 55B314C9187096D100B7A426 /* SababaApp */;
			targetProxy = 55B314F3187096D200B7A426 /* PBXContainerItemProxy */;
		};
/* End PBXTargetDependency section */

/* Begin PBXVariantGroup section */
		55B314D6187096D100B7A426 /* InfoPlist.strings */ = {
			isa = PBXVariantGroup;
			children = (
				55B314D7187096D100B7A426 /* en */,
			);
			name = InfoPlist.strings;
			sourceTree = "<group>";
		};
		55B314DF187096D100B7A426 /* Main_iPhone.storyboard */ = {
			isa = PBXVariantGroup;
			children = (
				55B314E0187096D100B7A426 /* Base */,
			);
			name = Main_iPhone.storyboard;
			sourceTree = "<group>";
		};
		55B314E2187096D100B7A426 /* Main_iPad.storyboard */ = {
			isa = PBXVariantGroup;
			children = (
				55B314E3187096D100B7A426 /* Base */,
			);
			name = Main_iPad.storyboard;
			sourceTree = "<group>";
		};
		55B314F8187096D200B7A426 /* InfoPlist.strings */ = {
			isa = PBXVariantGroup;
			children = (
				55B314F9187096D200B7A426 /* en */,
			);
			name = InfoPlist.strings;
			sourceTree = "<group>";
		};
/* End PBXVariantGroup section */

/* Begin XCBuildConfiguration section */
		55B314FD187096D200B7A426 /* Debug */ = {
			isa = XCBuildConfiguration;
			buildSettings = {
				ALWAYS_SEARCH_USER_PATHS = NO;
				ARCHS = "$(ARCHS_STANDARD_INCLUDING_64_BIT)";
				CLANG_CXX_LANGUAGE_STANDARD = "gnu++0x";
				CLANG_CXX_LIBRARY = "libc++";
				CLANG_ENABLE_MODULES = YES;
				CLANG_ENABLE_OBJC_ARC = YES;
				CLANG_WARN_BOOL_CONVERSION = YES;
				CLANG_WARN_CONSTANT_CONVERSION = YES;
				CLANG_WARN_DIRECT_OBJC_ISA_USAGE = YES_ERROR;
				CLANG_WARN_EMPTY_BODY = YES;
				CLANG_WARN_ENUM_CONVERSION = YES;
				CLANG_WARN_INT_CONVERSION = YES;
				CLANG_WARN_OBJC_ROOT_CLASS = YES_ERROR;
				CLANG_WARN__DUPLICATE_METHOD_MATCH = YES;
				"CODE_SIGN_IDENTITY[sdk=iphoneos*]" = "iPhone Developer";
				COPY_PHASE_STRIP = NO;
				GCC_C_LANGUAGE_STANDARD = gnu99;
				GCC_DYNAMIC_NO_PIC = NO;
				GCC_OPTIMIZATION_LEVEL = 0;
				GCC_PREPROCESSOR_DEFINITIONS = (
					"DEBUG=1",
					"$(inherited)",
				);
				GCC_SYMBOLS_PRIVATE_EXTERN = NO;
				GCC_WARN_64_TO_32_BIT_CONVERSION = YES;
				GCC_WARN_ABOUT_RETURN_TYPE = YES_ERROR;
				GCC_WARN_UNDECLARED_SELECTOR = YES;
				GCC_WARN_UNINITIALIZED_AUTOS = YES;
				GCC_WARN_UNUSED_FUNCTION = YES;
				GCC_WARN_UNUSED_VARIABLE = YES;
				IPHONEOS_DEPLOYMENT_TARGET = 7.0;
				ONLY_ACTIVE_ARCH = YES;
				SDKROOT = iphoneos;
				TARGETED_DEVICE_FAMILY = "1,2";
			};
			name = Debug;
		};
		55B314FE187096D200B7A426 /* Release */ = {
			isa = XCBuildConfiguration;
			buildSettings = {
				ALWAYS_SEARCH_USER_PATHS = NO;
				ARCHS = "$(ARCHS_STANDARD_INCLUDING_64_BIT)";
				CLANG_CXX_LANGUAGE_STANDARD = "gnu++0x";
				CLANG_CXX_LIBRARY = "libc++";
				CLANG_ENABLE_MODULES = YES;
				CLANG_ENABLE_OBJC_ARC = YES;
				CLANG_WARN_BOOL_CONVERSION = YES;
				CLANG_WARN_CONSTANT_CONVERSION = YES;
				CLANG_WARN_DIRECT_OBJC_ISA_USAGE = YES_ERROR;
				CLANG_WARN_EMPTY_BODY = YES;
				CLANG_WARN_ENUM_CONVERSION = YES;
				CLANG_WARN_INT_CONVERSION = YES;
				CLANG_WARN_OBJC_ROOT_CLASS = YES_ERROR;
				CLANG_WARN__DUPLICATE_METHOD_MATCH = YES;
				"CODE_SIGN_IDENTITY[sdk=iphoneos*]" = "iPhone Developer";
				COPY_PHASE_STRIP = YES;
				ENABLE_NS_ASSERTIONS = NO;
				GCC_C_LANGUAGE_STANDARD = gnu99;
				GCC_WARN_64_TO_32_BIT_CONVERSION = YES;
				GCC_WARN_ABOUT_RETURN_TYPE = YES_ERROR;
				GCC_WARN_UNDECLARED_SELECTOR = YES;
				GCC_WARN_UNINITIALIZED_AUTOS = YES;
				GCC_WARN_UNUSED_FUNCTION = YES;
				GCC_WARN_UNUSED_VARIABLE = YES;
				IPHONEOS_DEPLOYMENT_TARGET = 7.0;
				SDKROOT = iphoneos;
				TARGETED_DEVICE_FAMILY = "1,2";
				VALIDATE_PRODUCT = YES;
			};
			name = Release;
		};
		55B31500187096D200B7A426 /* Debug */ = {
			isa = XCBuildConfiguration;
			buildSettings = {
				ASSETCATALOG_COMPILER_APPICON_NAME = AppIcon;
				ASSETCATALOG_COMPILER_LAUNCHIMAGE_NAME = LaunchImage;
				GCC_PRECOMPILE_PREFIX_HEADER = YES;
				GCC_PREFIX_HEADER = "SababaApp/SababaApp-Prefix.pch";
				INFOPLIST_FILE = "SababaApp/SababaApp-Info.plist";
				PRODUCT_NAME = "$(TARGET_NAME)";
				WRAPPER_EXTENSION = app;
			};
			name = Debug;
		};
		55B31501187096D200B7A426 /* Release */ = {
			isa = XCBuildConfiguration;
			buildSettings = {
				ASSETCATALOG_COMPILER_APPICON_NAME = AppIcon;
				ASSETCATALOG_COMPILER_LAUNCHIMAGE_NAME = LaunchImage;
				GCC_PRECOMPILE_PREFIX_HEADER = YES;
				GCC_PREFIX_HEADER = "SababaApp/SababaApp-Prefix.pch";
				INFOPLIST_FILE = "SababaApp/SababaApp-Info.plist";
				PRODUCT_NAME = "$(TARGET_NAME)";
				WRAPPER_EXTENSION = app;
			};
			name = Release;
		};
		55B31503187096D200B7A426 /* Debug */ = {
			isa = XCBuildConfiguration;
			buildSettings = {
				ARCHS = "$(ARCHS_STANDARD_INCLUDING_64_BIT)";
				BUNDLE_LOADER = "$(BUILT_PRODUCTS_DIR)/SababaApp.app/SababaApp";
				FRAMEWORK_SEARCH_PATHS = (
					"$(SDKROOT)/Developer/Library/Frameworks",
					"$(inherited)",
					"$(DEVELOPER_FRAMEWORKS_DIR)",
				);
				GCC_PRECOMPILE_PREFIX_HEADER = YES;
				GCC_PREFIX_HEADER = "SababaApp/SababaApp-Prefix.pch";
				GCC_PREPROCESSOR_DEFINITIONS = (
					"DEBUG=1",
					"$(inherited)",
				);
				INFOPLIST_FILE = "SababaAppTests/SababaAppTests-Info.plist";
				PRODUCT_NAME = "$(TARGET_NAME)";
				TEST_HOST = "$(BUNDLE_LOADER)";
				WRAPPER_EXTENSION = xctest;
			};
			name = Debug;
		};
		55B31504187096D200B7A426 /* Release */ = {
			isa = XCBuildConfiguration;
			buildSettings = {
				ARCHS = "$(ARCHS_STANDARD_INCLUDING_64_BIT)";
				BUNDLE_LOADER = "$(BUILT_PRODUCTS_DIR)/SababaApp.app/SababaApp";
				FRAMEWORK_SEARCH_PATHS = (
					"$(SDKROOT)/Developer/Library/Frameworks",
					"$(inherited)",
					"$(DEVELOPER_FRAMEWORKS_DIR)",
				);
				GCC_PRECOMPILE_PREFIX_HEADER = YES;
				GCC_PREFIX_HEADER = "SababaApp/SababaApp-Prefix.pch";
				INFOPLIST_FILE = "SababaAppTests/SababaAppTests-Info.plist";
				PRODUCT_NAME = "$(TARGET_NAME)";
				TEST_HOST = "$(BUNDLE_LOADER)";
				WRAPPER_EXTENSION = xctest;
			};
			name = Release;
		};
/* End XCBuildConfiguration section */

/* Begin XCConfigurationList section */
		55B314C5187096D100B7A426 /* Build configuration list for PBXProject "SababaApp" */ = {
			isa = XCConfigurationList;
			buildConfigurations = (
				55B314FD187096D200B7A426 /* Debug */,
				55B314FE187096D200B7A426 /* Release */,
			);
			defaultConfigurationIsVisible = 0;
			defaultConfigurationName = Release;
		};
		55B314FF187096D200B7A426 /* Build configuration list for PBXNativeTarget "SababaApp" */ = {
			isa = XCConfigurationList;
			buildConfigurations = (
				55B31500187096D200B7A426 /* Debug */,
				55B31501187096D200B7A426 /* Release */,
			);
			defaultConfigurationIsVisible = 0;
			defaultConfigurationName = Release;
		};
		55B31502187096D200B7A426 /* Build configuration list for PBXNativeTarget "SababaAppTests" */ = {
			isa = XCConfigurationList;
			buildConfigurations = (
				55B31503187096D200B7A426 /* Debug */,
				55B31504187096D200B7A426 /* Release */,
			);
			defaultConfigurationIsVisible = 0;
			defaultConfigurationName = Release;
		};
/* End XCConfigurationList section */
	};
	rootObject = 55B314C2187096D100B7A426 /* Project object */;
}
